
Microsoft Visual Studio Solution File, Format Version 12.00
# Visual Studio Version 17
VisualStudioVersion = 17.14.36623.8
MinimumVisualStudioVersion = 10.0.40219.1
Project("{2150E333-8FDC-42A3-9474-1A3956D46DE8}") = "src", "src", "{02EA681E-C7D8-13C7-8484-4AC65E1B71E8}"
EndProject
Project("{2150E333-8FDC-42A3-9474-1A3956D46DE8}") = "data", "data", "{CC48A69E-E0C2-41C4-8EB0-12E213A02C21}"
	ProjectSection(SolutionItems) = preProject
		file1.csv = file1.csv
		file2.csv = file2.csv
		file3.csv = file3.csv
	EndProjectSection
EndProject
Project("{FAE04EC0-301F-11D3-BF4B-00C04F79EFBC}") = "ReadingList.CLI", "ReadingList.CLI\ReadingList.CLI.csproj", "{152521BD-28C1-45B1-9D00-5C9193E2896B}"
EndProject
Project("{FAE04EC0-301F-11D3-BF4B-00C04F79EFBC}") = "ReadingList.Application", "ReadingList.Application\ReadingList.Application.csproj", "{E0CFEDFF-F1F9-4C16-A48C-9D0128F58EE2}"
EndProject
Project("{FAE04EC0-301F-11D3-BF4B-00C04F79EFBC}") = "ReadingList.Infrastructure", "ReadingList.Infrastructure\ReadingList.Infrastructure.csproj", "{BF1DDC74-0A7D-4702-8A98-935158B978F7}"
EndProject
Project("{FAE04EC0-301F-11D3-BF4B-00C04F79EFBC}") = "ReadingList.Domain", "ReadingList.Domain\ReadingList.Domain.csproj", "{0641C4F1-36C7-467A-98FB-E4A6D73B921A}"
EndProject
Global
	GlobalSection(SolutionConfigurationPlatforms) = preSolution
		Debug|Any CPU = Debug|Any CPU
		Release|Any CPU = Release|Any CPU
	EndGlobalSection
	GlobalSection(ProjectConfigurationPlatforms) = postSolution
		{152521BD-28C1-45B1-9D00-5C9193E2896B}.Debug|Any CPU.ActiveCfg = Debug|Any CPU
		{152521BD-28C1-45B1-9D00-5C9193E2896B}.Debug|Any CPU.Build.0 = Debug|Any CPU
		{152521BD-28C1-45B1-9D00-5C9193E2896B}.Release|Any CPU.ActiveCfg = Release|Any CPU
		{152521BD-28C1-45B1-9D00-5C9193E2896B}.Release|Any CPU.Build.0 = Release|Any CPU
		{E0CFEDFF-F1F9-4C16-A48C-9D0128F58EE2}.Debug|Any CPU.ActiveCfg = Debug|Any CPU
		{E0CFEDFF-F1F9-4C16-A48C-9D0128F58EE2}.Debug|Any CPU.Build.0 = Debug|Any CPU
		{E0CFEDFF-F1F9-4C16-A48C-9D0128F58EE2}.Release|Any CPU.ActiveCfg = Release|Any CPU
		{E0CFEDFF-F1F9-4C16-A48C-9D0128F58EE2}.Release|Any CPU.Build.0 = Release|Any CPU
		{BF1DDC74-0A7D-4702-8A98-935158B978F7}.Debug|Any CPU.ActiveCfg = Debug|Any CPU
		{BF1DDC74-0A7D-4702-8A98-935158B978F7}.Debug|Any CPU.Build.0 = Debug|Any CPU
		{BF1DDC74-0A7D-4702-8A98-935158B978F7}.Release|Any CPU.ActiveCfg = Release|Any CPU
		{BF1DDC74-0A7D-4702-8A98-935158B978F7}.Release|Any CPU.Build.0 = Release|Any CPU
		{0641C4F1-36C7-467A-98FB-E4A6D73B921A}.Debug|Any CPU.ActiveCfg = Debug|Any CPU
		{0641C4F1-36C7-467A-98FB-E4A6D73B921A}.Debug|Any CPU.Build.0 = Debug|Any CPU
		{0641C4F1-36C7-467A-98FB-E4A6D73B921A}.Release|Any CPU.ActiveCfg = Release|Any CPU
		{0641C4F1-36C7-467A-98FB-E4A6D73B921A}.Release|Any CPU.Build.0 = Release|Any CPU
	EndGlobalSection
	GlobalSection(SolutionProperties) = preSolution
		HideSolutionNode = FALSE
	EndGlobalSection
	GlobalSection(NestedProjects) = preSolution
		{152521BD-28C1-45B1-9D00-5C9193E2896B} = {02EA681E-C7D8-13C7-8484-4AC65E1B71E8}
		{E0CFEDFF-F1F9-4C16-A48C-9D0128F58EE2} = {02EA681E-C7D8-13C7-8484-4AC65E1B71E8}
		{BF1DDC74-0A7D-4702-8A98-935158B978F7} = {02EA681E-C7D8-13C7-8484-4AC65E1B71E8}
		{0641C4F1-36C7-467A-98FB-E4A6D73B921A} = {02EA681E-C7D8-13C7-8484-4AC65E1B71E8}
	EndGlobalSection
	GlobalSection(ExtensibilityGlobals) = postSolution
		SolutionGuid = {1A019580-CBE6-46E9-83E4-53A81C2058F2}
	EndGlobalSection
EndGlobal
